
Microsoft Visual Studio Solution File, Format Version 12.00
# Visual Studio 14
VisualStudioVersion = 14.0.25420.1
MinimumVisualStudioVersion = 10.0.40219.1
Project("{FAE04EC0-301F-11D3-BF4B-00C04F79EFBC}") = "proyectoProgra6UI", "proyectoProgra6\proyectoProgra6UI.csproj", "{FC7AF725-3E0A-44DC-8E99-E0B94CE148A5}"
EndProject
Project("{FAE04EC0-301F-11D3-BF4B-00C04F79EFBC}") = "proyectoProga6DAL", "proyectoProga6DAL\proyectoProga6DAL.csproj", "{C7DC52F9-20E2-4849-9C31-D2E2C6F372EE}"
EndProject
Project("{FAE04EC0-301F-11D3-BF4B-00C04F79EFBC}") = "proyectoProgra6BLL", "proyectoProgra6BLL\proyectoProgra6BLL.csproj", "{88544346-2387-42DA-AF54-DB815DFEAC09}"
EndProject
Project("{FAE04EC0-301F-11D3-BF4B-00C04F79EFBC}") = "proyectoProgra6Entidades", "proyectoProgra6Entidades\proyectoProgra6Entidades.csproj", "{0682B311-AC61-44E4-A415-5721973F642D}"
EndProject
Global
	GlobalSection(SolutionConfigurationPlatforms) = preSolution
		Debug|Any CPU = Debug|Any CPU
		Release|Any CPU = Release|Any CPU
	EndGlobalSection
	GlobalSection(ProjectConfigurationPlatforms) = postSolution
		{FC7AF725-3E0A-44DC-8E99-E0B94CE148A5}.Debug|Any CPU.ActiveCfg = Debug|Any CPU
		{FC7AF725-3E0A-44DC-8E99-E0B94CE148A5}.Debug|Any CPU.Build.0 = Debug|Any CPU
		{FC7AF725-3E0A-44DC-8E99-E0B94CE148A5}.Release|Any CPU.ActiveCfg = Release|Any CPU
		{FC7AF725-3E0A-44DC-8E99-E0B94CE148A5}.Release|Any CPU.Build.0 = Release|Any CPU
		{C7DC52F9-20E2-4849-9C31-D2E2C6F372EE}.Debug|Any CPU.ActiveCfg = Debug|Any CPU
		{C7DC52F9-20E2-4849-9C31-D2E2C6F372EE}.Debug|Any CPU.Build.0 = Debug|Any CPU
		{C7DC52F9-20E2-4849-9C31-D2E2C6F372EE}.Release|Any CPU.ActiveCfg = Release|Any CPU
		{C7DC52F9-20E2-4849-9C31-D2E2C6F372EE}.Release|Any CPU.Build.0 = Release|Any CPU
		{88544346-2387-42DA-AF54-DB815DFEAC09}.Debug|Any CPU.ActiveCfg = Debug|Any CPU
		{88544346-2387-42DA-AF54-DB815DFEAC09}.Debug|Any CPU.Build.0 = Debug|Any CPU
		{88544346-2387-42DA-AF54-DB815DFEAC09}.Release|Any CPU.ActiveCfg = Release|Any CPU
		{88544346-2387-42DA-AF54-DB815DFEAC09}.Release|Any CPU.Build.0 = Release|Any CPU
		{0682B311-AC61-44E4-A415-5721973F642D}.Debug|Any CPU.ActiveCfg = Debug|Any CPU
		{0682B311-AC61-44E4-A415-5721973F642D}.Debug|Any CPU.Build.0 = Debug|Any CPU
		{0682B311-AC61-44E4-A415-5721973F642D}.Release|Any CPU.ActiveCfg = Release|Any CPU
		{0682B311-AC61-44E4-A415-5721973F642D}.Release|Any CPU.Build.0 = Release|Any CPU
	EndGlobalSection
	GlobalSection(SolutionProperties) = preSolution
		HideSolutionNode = FALSE
	EndGlobalSection
EndGlobal
